{
  "pins" : [
    {
      "identity" : "ifixfloat",
      "kind" : "remoteSourceControl",
      "location" : "https://github.com/iShape-Swift/iFixFloat",
      "state" : {
        "revision" : "76fd8341f90d5cafabd7c014c0c3865dd16a1377",
        "version" : "1.2.0"
      }
    }
  ],
  "version" : 2
}
