{
  "pins" : [
    {
      "identity" : "ifixfloat",
      "kind" : "remoteSourceControl",
      "location" : "https://github.com/iShape-Swift/iFixFloat",
      "state" : {
        "revision" : "5defd5f729de23f193e8dc8254a63631a0bef7a1",
        "version" : "1.0.0"
      }
    }
  ],
  "version" : 2
}
